
Microsoft Visual Studio Solution File, Format Version 12.00
# Visual Studio Version 17
VisualStudioVersion = 17.4.33110.190
MinimumVisualStudioVersion = 10.0.40219.1
Project("{FAE04EC0-301F-11D3-BF4B-00C04F79EFBC}") = "practice", "practice.csproj", "{EBD56A10-46A0-4D67-98B0-FC9C1AF22BDF}"
EndProject
Global
	GlobalSection(SolutionConfigurationPlatforms) = preSolution
		Debug|Any CPU = Debug|Any CPU
		Release|Any CPU = Release|Any CPU
	EndGlobalSection
	GlobalSection(ProjectConfigurationPlatforms) = postSolution
		{EBD56A10-46A0-4D67-98B0-FC9C1AF22BDF}.Debug|Any CPU.ActiveCfg = Debug|Any CPU
		{EBD56A10-46A0-4D67-98B0-FC9C1AF22BDF}.Debug|Any CPU.Build.0 = Debug|Any CPU
		{EBD56A10-46A0-4D67-98B0-FC9C1AF22BDF}.Release|Any CPU.ActiveCfg = Release|Any CPU
		{EBD56A10-46A0-4D67-98B0-FC9C1AF22BDF}.Release|Any CPU.Build.0 = Release|Any CPU
	EndGlobalSection
	GlobalSection(SolutionProperties) = preSolution
		HideSolutionNode = FALSE
	EndGlobalSection
	GlobalSection(ExtensibilityGlobals) = postSolution
		SolutionGuid = {B0278DA9-8CDB-4F54-AAAA-4F8DAE927680}
	EndGlobalSection
EndGlobal
